
Microsoft Visual Studio Solution File, Format Version 12.00
# Visual Studio 2013
VisualStudioVersion = 12.0.30723.0
MinimumVisualStudioVersion = 10.0.40219.1
Project("{FAE04EC0-301F-11D3-BF4B-00C04F79EFBC}") = "BullsAndCows.Models", "BullsAndCows.Models\BullsAndCows.Models.csproj", "{90CB96C4-9CD4-4641-82F6-728E279C0ED7}"
EndProject
Project("{FAE04EC0-301F-11D3-BF4B-00C04F79EFBC}") = "BullsAndCows.Data", "BullsAndCows.Dat\BullsAndCows.Data.csproj", "{3312EE7A-6A07-430A-8C40-3320038A4CCF}"
EndProject
Project("{FAE04EC0-301F-11D3-BF4B-00C04F79EFBC}") = "BullsAndCows.Web", "BullsAndCows.Web\BullsAndCows.Web.csproj", "{0B2C910F-7B9E-4041-8EC8-5084E5DDC43E}"
EndProject
Project("{FAE04EC0-301F-11D3-BF4B-00C04F79EFBC}") = "BullsAndCows.GameLogic", "BullsAndCows.GameLogic\BullsAndCows.GameLogic.csproj", "{76E8C250-6A4A-42F5-BDA8-C79AB28055EC}"
EndProject
Project("{FAE04EC0-301F-11D3-BF4B-00C04F79EFBC}") = "BullsAndCows.WCF", "BullsAndCows.WCF\BullsAndCows.WCF.csproj", "{70034F22-2A83-4375-9D08-B79EB79AC0E4}"
EndProject
Project("{FAE04EC0-301F-11D3-BF4B-00C04F79EFBC}") = "BullsAndCows.Web.Tests", "BullsAndCows.Web.Tests\BullsAndCows.Web.Tests.csproj", "{075D132C-1622-4A7E-A87C-FB69347E5A66}"
EndProject
Global
	GlobalSection(SolutionConfigurationPlatforms) = preSolution
		Debug|Any CPU = Debug|Any CPU
		Release|Any CPU = Release|Any CPU
	EndGlobalSection
	GlobalSection(ProjectConfigurationPlatforms) = postSolution
		{90CB96C4-9CD4-4641-82F6-728E279C0ED7}.Debug|Any CPU.ActiveCfg = Debug|Any CPU
		{90CB96C4-9CD4-4641-82F6-728E279C0ED7}.Debug|Any CPU.Build.0 = Debug|Any CPU
		{90CB96C4-9CD4-4641-82F6-728E279C0ED7}.Release|Any CPU.ActiveCfg = Release|Any CPU
		{90CB96C4-9CD4-4641-82F6-728E279C0ED7}.Release|Any CPU.Build.0 = Release|Any CPU
		{3312EE7A-6A07-430A-8C40-3320038A4CCF}.Debug|Any CPU.ActiveCfg = Debug|Any CPU
		{3312EE7A-6A07-430A-8C40-3320038A4CCF}.Debug|Any CPU.Build.0 = Debug|Any CPU
		{3312EE7A-6A07-430A-8C40-3320038A4CCF}.Release|Any CPU.ActiveCfg = Release|Any CPU
		{3312EE7A-6A07-430A-8C40-3320038A4CCF}.Release|Any CPU.Build.0 = Release|Any CPU
		{0B2C910F-7B9E-4041-8EC8-5084E5DDC43E}.Debug|Any CPU.ActiveCfg = Debug|Any CPU
		{0B2C910F-7B9E-4041-8EC8-5084E5DDC43E}.Debug|Any CPU.Build.0 = Debug|Any CPU
		{0B2C910F-7B9E-4041-8EC8-5084E5DDC43E}.Release|Any CPU.ActiveCfg = Release|Any CPU
		{0B2C910F-7B9E-4041-8EC8-5084E5DDC43E}.Release|Any CPU.Build.0 = Release|Any CPU
		{76E8C250-6A4A-42F5-BDA8-C79AB28055EC}.Debug|Any CPU.ActiveCfg = Debug|Any CPU
		{76E8C250-6A4A-42F5-BDA8-C79AB28055EC}.Debug|Any CPU.Build.0 = Debug|Any CPU
		{76E8C250-6A4A-42F5-BDA8-C79AB28055EC}.Release|Any CPU.ActiveCfg = Release|Any CPU
		{76E8C250-6A4A-42F5-BDA8-C79AB28055EC}.Release|Any CPU.Build.0 = Release|Any CPU
		{70034F22-2A83-4375-9D08-B79EB79AC0E4}.Debug|Any CPU.ActiveCfg = Debug|Any CPU
		{70034F22-2A83-4375-9D08-B79EB79AC0E4}.Debug|Any CPU.Build.0 = Debug|Any CPU
		{70034F22-2A83-4375-9D08-B79EB79AC0E4}.Release|Any CPU.ActiveCfg = Release|Any CPU
		{70034F22-2A83-4375-9D08-B79EB79AC0E4}.Release|Any CPU.Build.0 = Release|Any CPU
		{075D132C-1622-4A7E-A87C-FB69347E5A66}.Debug|Any CPU.ActiveCfg = Debug|Any CPU
		{075D132C-1622-4A7E-A87C-FB69347E5A66}.Debug|Any CPU.Build.0 = Debug|Any CPU
		{075D132C-1622-4A7E-A87C-FB69347E5A66}.Release|Any CPU.ActiveCfg = Release|Any CPU
		{075D132C-1622-4A7E-A87C-FB69347E5A66}.Release|Any CPU.Build.0 = Release|Any CPU
	EndGlobalSection
	GlobalSection(SolutionProperties) = preSolution
		HideSolutionNode = FALSE
	EndGlobalSection
EndGlobal
