
Microsoft Visual Studio Solution File, Format Version 12.00
# Visual Studio 2013
VisualStudioVersion = 12.0.30723.0
MinimumVisualStudioVersion = 10.0.40219.1
Project("{FAE04EC0-301F-11D3-BF4B-00C04F79EFBC}") = "01. ASP.NET Web Forms", "01. ASP.NET Web Forms\01. ASP.NET Web Forms.csproj", "{2DE0CA08-4CF8-4BB0-B0EA-FA75CB79A1C8}"
EndProject
Project("{FAE04EC0-301F-11D3-BF4B-00C04F79EFBC}") = "01. ASP.NET MVC", "01. ASP.NET MVC\01. ASP.NET MVC.csproj", "{C2D0F07F-3A89-40EB-BF9F-FA88C49E2C5F}"
EndProject
Global
	GlobalSection(SolutionConfigurationPlatforms) = preSolution
		Debug|Any CPU = Debug|Any CPU
		Release|Any CPU = Release|Any CPU
	EndGlobalSection
	GlobalSection(ProjectConfigurationPlatforms) = postSolution
		{2DE0CA08-4CF8-4BB0-B0EA-FA75CB79A1C8}.Debug|Any CPU.ActiveCfg = Debug|Any CPU
		{2DE0CA08-4CF8-4BB0-B0EA-FA75CB79A1C8}.Debug|Any CPU.Build.0 = Debug|Any CPU
		{2DE0CA08-4CF8-4BB0-B0EA-FA75CB79A1C8}.Release|Any CPU.ActiveCfg = Release|Any CPU
		{2DE0CA08-4CF8-4BB0-B0EA-FA75CB79A1C8}.Release|Any CPU.Build.0 = Release|Any CPU
		{C2D0F07F-3A89-40EB-BF9F-FA88C49E2C5F}.Debug|Any CPU.ActiveCfg = Debug|Any CPU
		{C2D0F07F-3A89-40EB-BF9F-FA88C49E2C5F}.Debug|Any CPU.Build.0 = Debug|Any CPU
		{C2D0F07F-3A89-40EB-BF9F-FA88C49E2C5F}.Release|Any CPU.ActiveCfg = Release|Any CPU
		{C2D0F07F-3A89-40EB-BF9F-FA88C49E2C5F}.Release|Any CPU.Build.0 = Release|Any CPU
	EndGlobalSection
	GlobalSection(SolutionProperties) = preSolution
		HideSolutionNode = FALSE
	EndGlobalSection
EndGlobal
