
Microsoft Visual Studio Solution File, Format Version 12.00
# Visual Studio 2013
VisualStudioVersion = 12.0.30723.0
MinimumVisualStudioVersion = 10.0.40219.1
Project("{FAE04EC0-301F-11D3-BF4B-00C04F79EFBC}") = "01. ASP.NET Web Forms", "01. ASP.NET Web Forms\01. ASP.NET Web Forms.csproj", "{2DE0CA08-4CF8-4BB0-B0EA-FA75CB79A1C8}"
EndProject
Project("{FAE04EC0-301F-11D3-BF4B-00C04F79EFBC}") = "01. ASP.NET MVC", "01. ASP.NET MVC\01. ASP.NET MVC.csproj", "{C2D0F07F-3A89-40EB-BF9F-FA88C49E2C5F}"
EndProject
Project("{FAE04EC0-301F-11D3-BF4B-00C04F79EFBC}") = "01. ASP.NET Single Page Application", "01. ASP.NET Single Page Application\01. ASP.NET Single Page Application.csproj", "{896519E0-9ED1-4327-AF55-1209E1B0BF68}"
EndProject
Project("{FAE04EC0-301F-11D3-BF4B-00C04F79EFBC}") = "01. ASP.NET WebAPI", "ASP.NET WebAPI\01. ASP.NET WebAPI.csproj", "{B62E3BF2-0984-4C7D-B205-79E9680DA2F8}"
EndProject
Project("{FAE04EC0-301F-11D3-BF4B-00C04F79EFBC}") = "02. Sum with WebForms", "02. Sum with WebForms\02. Sum with WebForms.csproj", "{A98E02C0-1AC4-4C8D-A121-BC52DECF9C1A}"
EndProject
Project("{FAE04EC0-301F-11D3-BF4B-00C04F79EFBC}") = "02. Sum with MVC", "02. Sum with MVC\02. Sum with MVC.csproj", "{1319159F-19C9-4800-895F-C36032374DCC}"
EndProject
Project("{FAE04EC0-301F-11D3-BF4B-00C04F79EFBC}") = "03. HTTP Handler", "03. HTTP Handler\03. HTTP Handler.csproj", "{FFD32C88-B5F1-4BFB-AC75-0E30D472214E}"
EndProject
Project("{2150E333-8FDC-42A3-9474-1A3956D46DE8}") = ".nuget", ".nuget", "{52BC8455-72ED-4147-9676-804DE582AA6A}"
	ProjectSection(SolutionItems) = preProject
		.nuget\NuGet.Config = .nuget\NuGet.Config
		.nuget\NuGet.exe = .nuget\NuGet.exe
		.nuget\NuGet.targets = .nuget\NuGet.targets
	EndProjectSection
EndProject
Global
	GlobalSection(SolutionConfigurationPlatforms) = preSolution
		Debug|Any CPU = Debug|Any CPU
		Release|Any CPU = Release|Any CPU
	EndGlobalSection
	GlobalSection(ProjectConfigurationPlatforms) = postSolution
		{2DE0CA08-4CF8-4BB0-B0EA-FA75CB79A1C8}.Debug|Any CPU.ActiveCfg = Debug|Any CPU
		{2DE0CA08-4CF8-4BB0-B0EA-FA75CB79A1C8}.Debug|Any CPU.Build.0 = Debug|Any CPU
		{2DE0CA08-4CF8-4BB0-B0EA-FA75CB79A1C8}.Release|Any CPU.ActiveCfg = Release|Any CPU
		{2DE0CA08-4CF8-4BB0-B0EA-FA75CB79A1C8}.Release|Any CPU.Build.0 = Release|Any CPU
		{C2D0F07F-3A89-40EB-BF9F-FA88C49E2C5F}.Debug|Any CPU.ActiveCfg = Debug|Any CPU
		{C2D0F07F-3A89-40EB-BF9F-FA88C49E2C5F}.Debug|Any CPU.Build.0 = Debug|Any CPU
		{C2D0F07F-3A89-40EB-BF9F-FA88C49E2C5F}.Release|Any CPU.ActiveCfg = Release|Any CPU
		{C2D0F07F-3A89-40EB-BF9F-FA88C49E2C5F}.Release|Any CPU.Build.0 = Release|Any CPU
		{896519E0-9ED1-4327-AF55-1209E1B0BF68}.Debug|Any CPU.ActiveCfg = Debug|Any CPU
		{896519E0-9ED1-4327-AF55-1209E1B0BF68}.Debug|Any CPU.Build.0 = Debug|Any CPU
		{896519E0-9ED1-4327-AF55-1209E1B0BF68}.Release|Any CPU.ActiveCfg = Release|Any CPU
		{896519E0-9ED1-4327-AF55-1209E1B0BF68}.Release|Any CPU.Build.0 = Release|Any CPU
		{B62E3BF2-0984-4C7D-B205-79E9680DA2F8}.Debug|Any CPU.ActiveCfg = Debug|Any CPU
		{B62E3BF2-0984-4C7D-B205-79E9680DA2F8}.Debug|Any CPU.Build.0 = Debug|Any CPU
		{B62E3BF2-0984-4C7D-B205-79E9680DA2F8}.Release|Any CPU.ActiveCfg = Release|Any CPU
		{B62E3BF2-0984-4C7D-B205-79E9680DA2F8}.Release|Any CPU.Build.0 = Release|Any CPU
		{A98E02C0-1AC4-4C8D-A121-BC52DECF9C1A}.Debug|Any CPU.ActiveCfg = Debug|Any CPU
		{A98E02C0-1AC4-4C8D-A121-BC52DECF9C1A}.Debug|Any CPU.Build.0 = Debug|Any CPU
		{A98E02C0-1AC4-4C8D-A121-BC52DECF9C1A}.Release|Any CPU.ActiveCfg = Release|Any CPU
		{A98E02C0-1AC4-4C8D-A121-BC52DECF9C1A}.Release|Any CPU.Build.0 = Release|Any CPU
		{1319159F-19C9-4800-895F-C36032374DCC}.Debug|Any CPU.ActiveCfg = Debug|Any CPU
		{1319159F-19C9-4800-895F-C36032374DCC}.Debug|Any CPU.Build.0 = Debug|Any CPU
		{1319159F-19C9-4800-895F-C36032374DCC}.Release|Any CPU.ActiveCfg = Release|Any CPU
		{1319159F-19C9-4800-895F-C36032374DCC}.Release|Any CPU.Build.0 = Release|Any CPU
		{FFD32C88-B5F1-4BFB-AC75-0E30D472214E}.Debug|Any CPU.ActiveCfg = Debug|Any CPU
		{FFD32C88-B5F1-4BFB-AC75-0E30D472214E}.Debug|Any CPU.Build.0 = Debug|Any CPU
		{FFD32C88-B5F1-4BFB-AC75-0E30D472214E}.Release|Any CPU.ActiveCfg = Release|Any CPU
		{FFD32C88-B5F1-4BFB-AC75-0E30D472214E}.Release|Any CPU.Build.0 = Release|Any CPU
	EndGlobalSection
	GlobalSection(SolutionProperties) = preSolution
		HideSolutionNode = FALSE
	EndGlobalSection
EndGlobal
