
Microsoft Visual Studio Solution File, Format Version 12.00
# Visual Studio 2013
VisualStudioVersion = 12.0.30723.0
MinimumVisualStudioVersion = 10.0.40219.1
Project("{FAE04EC0-301F-11D3-BF4B-00C04F79EFBC}") = "01. N plus One Problem", "01. N plus One Problem\01. N plus One Problem.csproj", "{E78B8E8E-E11F-4389-A40E-ACAAC945706C}"
EndProject
Project("{FAE04EC0-301F-11D3-BF4B-00C04F79EFBC}") = "TelerikAcademyEntities", "TelerikAcademyEntities\TelerikAcademyEntities.csproj", "{02165CA4-1B8A-4649-9E0F-19DCD67844F2}"
EndProject
Project("{FAE04EC0-301F-11D3-BF4B-00C04F79EFBC}") = "02. ToList Problem", "02. ToList Problem\02. ToList Problem.csproj", "{2059CF49-911B-470F-8441-9B496671F8D3}"
EndProject
Global
	GlobalSection(SolutionConfigurationPlatforms) = preSolution
		Debug|Any CPU = Debug|Any CPU
		Release|Any CPU = Release|Any CPU
	EndGlobalSection
	GlobalSection(ProjectConfigurationPlatforms) = postSolution
		{E78B8E8E-E11F-4389-A40E-ACAAC945706C}.Debug|Any CPU.ActiveCfg = Debug|Any CPU
		{E78B8E8E-E11F-4389-A40E-ACAAC945706C}.Debug|Any CPU.Build.0 = Debug|Any CPU
		{E78B8E8E-E11F-4389-A40E-ACAAC945706C}.Release|Any CPU.ActiveCfg = Release|Any CPU
		{E78B8E8E-E11F-4389-A40E-ACAAC945706C}.Release|Any CPU.Build.0 = Release|Any CPU
		{02165CA4-1B8A-4649-9E0F-19DCD67844F2}.Debug|Any CPU.ActiveCfg = Debug|Any CPU
		{02165CA4-1B8A-4649-9E0F-19DCD67844F2}.Debug|Any CPU.Build.0 = Debug|Any CPU
		{02165CA4-1B8A-4649-9E0F-19DCD67844F2}.Release|Any CPU.ActiveCfg = Release|Any CPU
		{02165CA4-1B8A-4649-9E0F-19DCD67844F2}.Release|Any CPU.Build.0 = Release|Any CPU
		{2059CF49-911B-470F-8441-9B496671F8D3}.Debug|Any CPU.ActiveCfg = Debug|Any CPU
		{2059CF49-911B-470F-8441-9B496671F8D3}.Debug|Any CPU.Build.0 = Debug|Any CPU
		{2059CF49-911B-470F-8441-9B496671F8D3}.Release|Any CPU.ActiveCfg = Release|Any CPU
		{2059CF49-911B-470F-8441-9B496671F8D3}.Release|Any CPU.Build.0 = Release|Any CPU
	EndGlobalSection
	GlobalSection(SolutionProperties) = preSolution
		HideSolutionNode = FALSE
	EndGlobalSection
EndGlobal
