
Microsoft Visual Studio Solution File, Format Version 12.00
# Visual Studio 2013
VisualStudioVersion = 12.0.21005.1
MinimumVisualStudioVersion = 10.0.40219.1
Project("{FAE04EC0-301F-11D3-BF4B-00C04F79EFBC}") = "OnKeyPress", "OnKeyPress\OnKeyPress.csproj", "{7D3996CD-12F9-4A0C-8685-48BA76F4CAED}"
EndProject
Project("{FAE04EC0-301F-11D3-BF4B-00C04F79EFBC}") = "BitwiseSequenceOne", "BitwiseSequenceOne\BitwiseSequenceOne.csproj", "{2DC06AEA-433E-4505-829E-474F8EFB405A}"
EndProject
Project("{FAE04EC0-301F-11D3-BF4B-00C04F79EFBC}") = "GreatestCommonDivisor", "GreatestCommonDivisor\GreatestCommonDivisor.csproj", "{4E7932D2-6814-40D0-85A3-87BA00857699}"
EndProject
Project("{FAE04EC0-301F-11D3-BF4B-00C04F79EFBC}") = "LeastCommonMajority", "LeastCommonMajority\LeastCommonMajority.csproj", "{1EE9EBF4-D7A4-4DCB-88CB-EE5E9DBA0B02}"
EndProject
Project("{FAE04EC0-301F-11D3-BF4B-00C04F79EFBC}") = "RecursiveFibonacci", "RecursiveFibonacci\RecursiveFibonacci.csproj", "{68DD7AC4-D3EB-44D3-AE4B-9F6D0FDC9CDD}"
EndProject
Project("{FAE04EC0-301F-11D3-BF4B-00C04F79EFBC}") = "OptimizedPower", "OptimizedPower\OptimizedPower.csproj", "{43C05BEB-221E-43C9-9D42-B52B49AD028D}"
EndProject
Project("{FAE04EC0-301F-11D3-BF4B-00C04F79EFBC}") = "Factorial", "Factorial\Factorial.csproj", "{5AC02923-D657-4782-BBDD-2A61CACD5C77}"
EndProject
Project("{FAE04EC0-301F-11D3-BF4B-00C04F79EFBC}") = "ReplaceStartEnd", "ReplaceStartEnd\ReplaceStartEnd.csproj", "{6EB5E9ED-37CA-403A-A3D3-A2FBAB3F1478}"
EndProject
Global
	GlobalSection(SolutionConfigurationPlatforms) = preSolution
		Debug|Any CPU = Debug|Any CPU
		Release|Any CPU = Release|Any CPU
	EndGlobalSection
	GlobalSection(ProjectConfigurationPlatforms) = postSolution
		{7D3996CD-12F9-4A0C-8685-48BA76F4CAED}.Debug|Any CPU.ActiveCfg = Debug|Any CPU
		{7D3996CD-12F9-4A0C-8685-48BA76F4CAED}.Debug|Any CPU.Build.0 = Debug|Any CPU
		{7D3996CD-12F9-4A0C-8685-48BA76F4CAED}.Release|Any CPU.ActiveCfg = Release|Any CPU
		{7D3996CD-12F9-4A0C-8685-48BA76F4CAED}.Release|Any CPU.Build.0 = Release|Any CPU
		{2DC06AEA-433E-4505-829E-474F8EFB405A}.Debug|Any CPU.ActiveCfg = Debug|Any CPU
		{2DC06AEA-433E-4505-829E-474F8EFB405A}.Debug|Any CPU.Build.0 = Debug|Any CPU
		{2DC06AEA-433E-4505-829E-474F8EFB405A}.Release|Any CPU.ActiveCfg = Release|Any CPU
		{2DC06AEA-433E-4505-829E-474F8EFB405A}.Release|Any CPU.Build.0 = Release|Any CPU
		{4E7932D2-6814-40D0-85A3-87BA00857699}.Debug|Any CPU.ActiveCfg = Debug|Any CPU
		{4E7932D2-6814-40D0-85A3-87BA00857699}.Debug|Any CPU.Build.0 = Debug|Any CPU
		{4E7932D2-6814-40D0-85A3-87BA00857699}.Release|Any CPU.ActiveCfg = Release|Any CPU
		{4E7932D2-6814-40D0-85A3-87BA00857699}.Release|Any CPU.Build.0 = Release|Any CPU
		{1EE9EBF4-D7A4-4DCB-88CB-EE5E9DBA0B02}.Debug|Any CPU.ActiveCfg = Debug|Any CPU
		{1EE9EBF4-D7A4-4DCB-88CB-EE5E9DBA0B02}.Debug|Any CPU.Build.0 = Debug|Any CPU
		{1EE9EBF4-D7A4-4DCB-88CB-EE5E9DBA0B02}.Release|Any CPU.ActiveCfg = Release|Any CPU
		{1EE9EBF4-D7A4-4DCB-88CB-EE5E9DBA0B02}.Release|Any CPU.Build.0 = Release|Any CPU
		{68DD7AC4-D3EB-44D3-AE4B-9F6D0FDC9CDD}.Debug|Any CPU.ActiveCfg = Debug|Any CPU
		{68DD7AC4-D3EB-44D3-AE4B-9F6D0FDC9CDD}.Debug|Any CPU.Build.0 = Debug|Any CPU
		{68DD7AC4-D3EB-44D3-AE4B-9F6D0FDC9CDD}.Release|Any CPU.ActiveCfg = Release|Any CPU
		{68DD7AC4-D3EB-44D3-AE4B-9F6D0FDC9CDD}.Release|Any CPU.Build.0 = Release|Any CPU
		{43C05BEB-221E-43C9-9D42-B52B49AD028D}.Debug|Any CPU.ActiveCfg = Debug|Any CPU
		{43C05BEB-221E-43C9-9D42-B52B49AD028D}.Debug|Any CPU.Build.0 = Debug|Any CPU
		{43C05BEB-221E-43C9-9D42-B52B49AD028D}.Release|Any CPU.ActiveCfg = Release|Any CPU
		{43C05BEB-221E-43C9-9D42-B52B49AD028D}.Release|Any CPU.Build.0 = Release|Any CPU
		{5AC02923-D657-4782-BBDD-2A61CACD5C77}.Debug|Any CPU.ActiveCfg = Debug|Any CPU
		{5AC02923-D657-4782-BBDD-2A61CACD5C77}.Debug|Any CPU.Build.0 = Debug|Any CPU
		{5AC02923-D657-4782-BBDD-2A61CACD5C77}.Release|Any CPU.ActiveCfg = Release|Any CPU
		{5AC02923-D657-4782-BBDD-2A61CACD5C77}.Release|Any CPU.Build.0 = Release|Any CPU
		{6EB5E9ED-37CA-403A-A3D3-A2FBAB3F1478}.Debug|Any CPU.ActiveCfg = Debug|Any CPU
		{6EB5E9ED-37CA-403A-A3D3-A2FBAB3F1478}.Debug|Any CPU.Build.0 = Debug|Any CPU
		{6EB5E9ED-37CA-403A-A3D3-A2FBAB3F1478}.Release|Any CPU.ActiveCfg = Release|Any CPU
		{6EB5E9ED-37CA-403A-A3D3-A2FBAB3F1478}.Release|Any CPU.Build.0 = Release|Any CPU
	EndGlobalSection
	GlobalSection(SolutionProperties) = preSolution
		HideSolutionNode = FALSE
	EndGlobalSection
EndGlobal
