
Microsoft Visual Studio Solution File, Format Version 12.00
# Visual Studio 2013
VisualStudioVersion = 12.0.30723.0
MinimumVisualStudioVersion = 10.0.40219.1
Project("{FAE04EC0-301F-11D3-BF4B-00C04F79EFBC}") = "01. Knapsack Problem", "01. Knapsack Problem\01. Knapsack Problem.csproj", "{12CCD18E-DF3F-46DA-ABC9-42F0C323FBE4}"
EndProject
Project("{FAE04EC0-301F-11D3-BF4B-00C04F79EFBC}") = "02. Minimum Edit Distance", "02. Minimum Edit Distance\02. Minimum Edit Distance.csproj", "{B3EDE4C0-C363-4377-851F-5AC7CA27565A}"
EndProject
Global
	GlobalSection(SolutionConfigurationPlatforms) = preSolution
		Debug|Any CPU = Debug|Any CPU
		Release|Any CPU = Release|Any CPU
	EndGlobalSection
	GlobalSection(ProjectConfigurationPlatforms) = postSolution
		{12CCD18E-DF3F-46DA-ABC9-42F0C323FBE4}.Debug|Any CPU.ActiveCfg = Debug|Any CPU
		{12CCD18E-DF3F-46DA-ABC9-42F0C323FBE4}.Debug|Any CPU.Build.0 = Debug|Any CPU
		{12CCD18E-DF3F-46DA-ABC9-42F0C323FBE4}.Release|Any CPU.ActiveCfg = Release|Any CPU
		{12CCD18E-DF3F-46DA-ABC9-42F0C323FBE4}.Release|Any CPU.Build.0 = Release|Any CPU
		{B3EDE4C0-C363-4377-851F-5AC7CA27565A}.Debug|Any CPU.ActiveCfg = Debug|Any CPU
		{B3EDE4C0-C363-4377-851F-5AC7CA27565A}.Debug|Any CPU.Build.0 = Debug|Any CPU
		{B3EDE4C0-C363-4377-851F-5AC7CA27565A}.Release|Any CPU.ActiveCfg = Release|Any CPU
		{B3EDE4C0-C363-4377-851F-5AC7CA27565A}.Release|Any CPU.Build.0 = Release|Any CPU
	EndGlobalSection
	GlobalSection(SolutionProperties) = preSolution
		HideSolutionNode = FALSE
	EndGlobalSection
EndGlobal
