
Microsoft Visual Studio Solution File, Format Version 12.00
# Visual Studio 2013
VisualStudioVersion = 12.0.30723.0
MinimumVisualStudioVersion = 10.0.40219.1
Project("{FAE04EC0-301F-11D3-BF4B-00C04F79EFBC}") = "World.Data", "World.Data\World.Data.csproj", "{116A27E2-12BA-4868-B97A-C8560C0E0DA2}"
EndProject
Project("{FAE04EC0-301F-11D3-BF4B-00C04F79EFBC}") = "World.Models", "World.Models\World.Models.csproj", "{D4A0CA20-DA1E-4303-A67B-8B1C02F05CE9}"
EndProject
Project("{FAE04EC0-301F-11D3-BF4B-00C04F79EFBC}") = "World.Web", "World.Web\World.Web.csproj", "{6BC53655-5C1C-4C72-9E6D-50A349651087}"
EndProject
Project("{FAE04EC0-301F-11D3-BF4B-00C04F79EFBC}") = "Todo.Models", "Todo.Models\Todo.Models.csproj", "{7B96A9F6-9F7A-4955-9B22-73DEE8787447}"
EndProject
Project("{FAE04EC0-301F-11D3-BF4B-00C04F79EFBC}") = "Todo.Data", "Todo.Data\Todo.Data.csproj", "{4F9EAB74-1E3C-4ECF-856D-9D819D37DB4F}"
EndProject
Project("{FAE04EC0-301F-11D3-BF4B-00C04F79EFBC}") = "Todo.Web", "Todo.Web\Todo.Web.csproj", "{E50C8EBD-0461-4771-AC08-A3B06E155FD0}"
EndProject
Global
	GlobalSection(SolutionConfigurationPlatforms) = preSolution
		Debug|Any CPU = Debug|Any CPU
		Release|Any CPU = Release|Any CPU
	EndGlobalSection
	GlobalSection(ProjectConfigurationPlatforms) = postSolution
		{116A27E2-12BA-4868-B97A-C8560C0E0DA2}.Debug|Any CPU.ActiveCfg = Debug|Any CPU
		{116A27E2-12BA-4868-B97A-C8560C0E0DA2}.Debug|Any CPU.Build.0 = Debug|Any CPU
		{116A27E2-12BA-4868-B97A-C8560C0E0DA2}.Release|Any CPU.ActiveCfg = Release|Any CPU
		{116A27E2-12BA-4868-B97A-C8560C0E0DA2}.Release|Any CPU.Build.0 = Release|Any CPU
		{D4A0CA20-DA1E-4303-A67B-8B1C02F05CE9}.Debug|Any CPU.ActiveCfg = Debug|Any CPU
		{D4A0CA20-DA1E-4303-A67B-8B1C02F05CE9}.Debug|Any CPU.Build.0 = Debug|Any CPU
		{D4A0CA20-DA1E-4303-A67B-8B1C02F05CE9}.Release|Any CPU.ActiveCfg = Release|Any CPU
		{D4A0CA20-DA1E-4303-A67B-8B1C02F05CE9}.Release|Any CPU.Build.0 = Release|Any CPU
		{6BC53655-5C1C-4C72-9E6D-50A349651087}.Debug|Any CPU.ActiveCfg = Debug|Any CPU
		{6BC53655-5C1C-4C72-9E6D-50A349651087}.Debug|Any CPU.Build.0 = Debug|Any CPU
		{6BC53655-5C1C-4C72-9E6D-50A349651087}.Release|Any CPU.ActiveCfg = Release|Any CPU
		{6BC53655-5C1C-4C72-9E6D-50A349651087}.Release|Any CPU.Build.0 = Release|Any CPU
		{7B96A9F6-9F7A-4955-9B22-73DEE8787447}.Debug|Any CPU.ActiveCfg = Debug|Any CPU
		{7B96A9F6-9F7A-4955-9B22-73DEE8787447}.Debug|Any CPU.Build.0 = Debug|Any CPU
		{7B96A9F6-9F7A-4955-9B22-73DEE8787447}.Release|Any CPU.ActiveCfg = Release|Any CPU
		{7B96A9F6-9F7A-4955-9B22-73DEE8787447}.Release|Any CPU.Build.0 = Release|Any CPU
		{4F9EAB74-1E3C-4ECF-856D-9D819D37DB4F}.Debug|Any CPU.ActiveCfg = Debug|Any CPU
		{4F9EAB74-1E3C-4ECF-856D-9D819D37DB4F}.Debug|Any CPU.Build.0 = Debug|Any CPU
		{4F9EAB74-1E3C-4ECF-856D-9D819D37DB4F}.Release|Any CPU.ActiveCfg = Release|Any CPU
		{4F9EAB74-1E3C-4ECF-856D-9D819D37DB4F}.Release|Any CPU.Build.0 = Release|Any CPU
		{E50C8EBD-0461-4771-AC08-A3B06E155FD0}.Debug|Any CPU.ActiveCfg = Debug|Any CPU
		{E50C8EBD-0461-4771-AC08-A3B06E155FD0}.Debug|Any CPU.Build.0 = Debug|Any CPU
		{E50C8EBD-0461-4771-AC08-A3B06E155FD0}.Release|Any CPU.ActiveCfg = Release|Any CPU
		{E50C8EBD-0461-4771-AC08-A3B06E155FD0}.Release|Any CPU.Build.0 = Release|Any CPU
	EndGlobalSection
	GlobalSection(SolutionProperties) = preSolution
		HideSolutionNode = FALSE
	EndGlobalSection
EndGlobal
