
Microsoft Visual Studio Solution File, Format Version 12.00
# Visual Studio 2013
VisualStudioVersion = 12.0.30324.0
MinimumVisualStudioVersion = 10.0.40219.1
Project("{2150E333-8FDC-42A3-9474-1A3956D46DE8}") = "Tasks", "Tasks", "{5F419730-868B-4523-BD76-4105B9BFD074}"
	ProjectSection(SolutionItems) = preProject
		README.md = README.md
	EndProjectSection
EndProject
Project("{FAE04EC0-301F-11D3-BF4B-00C04F79EFBC}") = "01. Retrieve Number Of Records", "01. Retrieve Number Of Records\01. Retrieve Number Of Records.csproj", "{751696AD-2A06-456F-83FD-F22D221C3097}"
EndProject
Project("{FAE04EC0-301F-11D3-BF4B-00C04F79EFBC}") = "02. Retrieve Data From Database", "02. Retrieve Data From Database\02. Retrieve Data From Database.csproj", "{02948EE1-C81B-49BC-A809-B63F94A8465F}"
EndProject
Project("{FAE04EC0-301F-11D3-BF4B-00C04F79EFBC}") = "03. Products in each Category", "03. Products in each Category\03. Products in each Category.csproj", "{AE5F886E-55E5-4D40-9A98-7C6A2B82445E}"
EndProject
Project("{FAE04EC0-301F-11D3-BF4B-00C04F79EFBC}") = "04. Insert new record", "04. Insert new record\04. Insert new record.csproj", "{3E6DC462-F694-4D8F-BEB8-09BF4B713601}"
EndProject
Project("{FAE04EC0-301F-11D3-BF4B-00C04F79EFBC}") = "05. Retrieve Images Of Categories", "05. Retrieve Images Of Categories\05. Retrieve Images Of Categories.csproj", "{A3A979F8-02BF-4E1D-9CC8-AAE469305AC2}"
EndProject
Global
	GlobalSection(SolutionConfigurationPlatforms) = preSolution
		Debug|Any CPU = Debug|Any CPU
		Release|Any CPU = Release|Any CPU
	EndGlobalSection
	GlobalSection(ProjectConfigurationPlatforms) = postSolution
		{751696AD-2A06-456F-83FD-F22D221C3097}.Debug|Any CPU.ActiveCfg = Debug|Any CPU
		{751696AD-2A06-456F-83FD-F22D221C3097}.Debug|Any CPU.Build.0 = Debug|Any CPU
		{751696AD-2A06-456F-83FD-F22D221C3097}.Release|Any CPU.ActiveCfg = Release|Any CPU
		{751696AD-2A06-456F-83FD-F22D221C3097}.Release|Any CPU.Build.0 = Release|Any CPU
		{02948EE1-C81B-49BC-A809-B63F94A8465F}.Debug|Any CPU.ActiveCfg = Debug|Any CPU
		{02948EE1-C81B-49BC-A809-B63F94A8465F}.Debug|Any CPU.Build.0 = Debug|Any CPU
		{02948EE1-C81B-49BC-A809-B63F94A8465F}.Release|Any CPU.ActiveCfg = Release|Any CPU
		{02948EE1-C81B-49BC-A809-B63F94A8465F}.Release|Any CPU.Build.0 = Release|Any CPU
		{AE5F886E-55E5-4D40-9A98-7C6A2B82445E}.Debug|Any CPU.ActiveCfg = Debug|Any CPU
		{AE5F886E-55E5-4D40-9A98-7C6A2B82445E}.Debug|Any CPU.Build.0 = Debug|Any CPU
		{AE5F886E-55E5-4D40-9A98-7C6A2B82445E}.Release|Any CPU.ActiveCfg = Release|Any CPU
		{AE5F886E-55E5-4D40-9A98-7C6A2B82445E}.Release|Any CPU.Build.0 = Release|Any CPU
		{3E6DC462-F694-4D8F-BEB8-09BF4B713601}.Debug|Any CPU.ActiveCfg = Debug|Any CPU
		{3E6DC462-F694-4D8F-BEB8-09BF4B713601}.Debug|Any CPU.Build.0 = Debug|Any CPU
		{3E6DC462-F694-4D8F-BEB8-09BF4B713601}.Release|Any CPU.ActiveCfg = Release|Any CPU
		{3E6DC462-F694-4D8F-BEB8-09BF4B713601}.Release|Any CPU.Build.0 = Release|Any CPU
		{A3A979F8-02BF-4E1D-9CC8-AAE469305AC2}.Debug|Any CPU.ActiveCfg = Debug|Any CPU
		{A3A979F8-02BF-4E1D-9CC8-AAE469305AC2}.Debug|Any CPU.Build.0 = Debug|Any CPU
		{A3A979F8-02BF-4E1D-9CC8-AAE469305AC2}.Release|Any CPU.ActiveCfg = Release|Any CPU
		{A3A979F8-02BF-4E1D-9CC8-AAE469305AC2}.Release|Any CPU.Build.0 = Release|Any CPU
	EndGlobalSection
	GlobalSection(SolutionProperties) = preSolution
		HideSolutionNode = FALSE
	EndGlobalSection
EndGlobal
