
Microsoft Visual Studio Solution File, Format Version 12.00
# Visual Studio 2013
VisualStudioVersion = 12.0.30324.0
MinimumVisualStudioVersion = 10.0.40219.1
Project("{FAE04EC0-301F-11D3-BF4B-00C04F79EFBC}") = "01. ClassRefactoring", "01. ClassRefactoring\01. ClassRefactoring.csproj", "{576475C0-B840-4DDE-95E5-16EE8222A940}"
EndProject
Project("{FAE04EC0-301F-11D3-BF4B-00C04F79EFBC}") = "02. SimplifyIfStatement", "02. SimplifyIfStatement\02. SimplifyIfStatement.csproj", "{0EEDE4E0-C02E-4EC2-93BE-27E0F4F7E850}"
EndProject
Project("{FAE04EC0-301F-11D3-BF4B-00C04F79EFBC}") = "03. Loop Refactoring", "03. Loop Refactoring\03. Loop Refactoring.csproj", "{B9385728-F03A-47CD-9470-55A88782C2B4}"
EndProject
Global
	GlobalSection(SolutionConfigurationPlatforms) = preSolution
		Debug|Any CPU = Debug|Any CPU
		Release|Any CPU = Release|Any CPU
	EndGlobalSection
	GlobalSection(ProjectConfigurationPlatforms) = postSolution
		{576475C0-B840-4DDE-95E5-16EE8222A940}.Debug|Any CPU.ActiveCfg = Debug|Any CPU
		{576475C0-B840-4DDE-95E5-16EE8222A940}.Debug|Any CPU.Build.0 = Debug|Any CPU
		{576475C0-B840-4DDE-95E5-16EE8222A940}.Release|Any CPU.ActiveCfg = Release|Any CPU
		{576475C0-B840-4DDE-95E5-16EE8222A940}.Release|Any CPU.Build.0 = Release|Any CPU
		{0EEDE4E0-C02E-4EC2-93BE-27E0F4F7E850}.Debug|Any CPU.ActiveCfg = Debug|Any CPU
		{0EEDE4E0-C02E-4EC2-93BE-27E0F4F7E850}.Debug|Any CPU.Build.0 = Debug|Any CPU
		{0EEDE4E0-C02E-4EC2-93BE-27E0F4F7E850}.Release|Any CPU.ActiveCfg = Release|Any CPU
		{0EEDE4E0-C02E-4EC2-93BE-27E0F4F7E850}.Release|Any CPU.Build.0 = Release|Any CPU
		{B9385728-F03A-47CD-9470-55A88782C2B4}.Debug|Any CPU.ActiveCfg = Debug|Any CPU
		{B9385728-F03A-47CD-9470-55A88782C2B4}.Debug|Any CPU.Build.0 = Debug|Any CPU
		{B9385728-F03A-47CD-9470-55A88782C2B4}.Release|Any CPU.ActiveCfg = Release|Any CPU
		{B9385728-F03A-47CD-9470-55A88782C2B4}.Release|Any CPU.Build.0 = Release|Any CPU
	EndGlobalSection
	GlobalSection(SolutionProperties) = preSolution
		HideSolutionNode = FALSE
	EndGlobalSection
EndGlobal
