
Microsoft Visual Studio Solution File, Format Version 12.00
# Visual Studio 2013
VisualStudioVersion = 12.0.21005.1
MinimumVisualStudioVersion = 10.0.40219.1
Project("{FAE04EC0-301F-11D3-BF4B-00C04F79EFBC}") = "01.DeclareVariables", "1.DeclareVariables\01.DeclareVariables.csproj", "{D2271797-1F8C-47D2-9F4F-61ED315B1AA5}"
EndProject
Project("{FAE04EC0-301F-11D3-BF4B-00C04F79EFBC}") = "02.FloatingPointTypes", "2.FloatingPointTypes\02.FloatingPointTypes.csproj", "{104F7C6B-6EBF-40E4-9EE6-74CD30690D0C}"
EndProject
Project("{FAE04EC0-301F-11D3-BF4B-00C04F79EFBC}") = "03.CompareFloatingPointNumbers", "3.CompareFloatingPointNumbers\03.CompareFloatingPointNumbers.csproj", "{8F07A052-F1D5-48EA-BAC0-18B7219EBF67}"
EndProject
Project("{FAE04EC0-301F-11D3-BF4B-00C04F79EFBC}") = "04.AssingHexToInteger", "4.AssingHexToInteger\04.AssingHexToInteger.csproj", "{031F5EB9-616E-4D75-BD24-2FFD44B5D9B6}"
EndProject
Project("{FAE04EC0-301F-11D3-BF4B-00C04F79EFBC}") = "05.AssignUnicodeToCharacter", "5.AssignUnicodeToCharacter\05.AssignUnicodeToCharacter.csproj", "{E57C4502-5228-429C-B29C-B66F851FAFC7}"
EndProject
Project("{FAE04EC0-301F-11D3-BF4B-00C04F79EFBC}") = "06.BooleanVariable", "6.BooleanVariable\06.BooleanVariable.csproj", "{37958297-6101-4A06-90B9-56826B0E34B0}"
EndProject
Project("{FAE04EC0-301F-11D3-BF4B-00C04F79EFBC}") = "07.StringAndObjectTypes", "7.StringAndObjectTypes\07.StringAndObjectTypes.csproj", "{1D35D7BB-7854-43BB-BD89-443E085A833F}"
EndProject
Project("{FAE04EC0-301F-11D3-BF4B-00C04F79EFBC}") = "08.StringLiteralsAndEscapingSequences", "8.StringLiteralsAndEscapingSequences\08.StringLiteralsAndEscapingSequences.csproj", "{65FCD56B-D624-4B8F-AB13-95D21405B484}"
EndProject
Project("{FAE04EC0-301F-11D3-BF4B-00C04F79EFBC}") = "09.PrintIsoscelesTriangle", "9.PrintIsoscelesTriangle\09.PrintIsoscelesTriangle.csproj", "{5636AD49-F588-468C-B61D-5C2759164EAB}"
EndProject
Project("{FAE04EC0-301F-11D3-BF4B-00C04F79EFBC}") = "10.FirmAppropriateDataTypes", "10.FirmAppropriateDataTypes\10.FirmAppropriateDataTypes.csproj", "{082155A8-9503-4E23-B0BC-EC12CA598DD0}"
EndProject
Project("{FAE04EC0-301F-11D3-BF4B-00C04F79EFBC}") = "11.ExchangeValuesOfVariables", "11.ExchangeValuesOfVariables\11.ExchangeValuesOfVariables.csproj", "{E3B8B7BC-A024-415B-851E-2F2591090437}"
EndProject
Project("{FAE04EC0-301F-11D3-BF4B-00C04F79EFBC}") = "12.PrintEntireASCIITable", "12.PrintEntireASCIITable\12.PrintEntireASCIITable.csproj", "{C907C981-DBAC-4325-8B7A-A952B2CA637F}"
EndProject
Project("{FAE04EC0-301F-11D3-BF4B-00C04F79EFBC}") = "13.NullValues", "13.NullValues\13.NullValues.csproj", "{48F62549-1A8A-47AD-93AB-7D7F7E09C361}"
EndProject
Project("{FAE04EC0-301F-11D3-BF4B-00C04F79EFBC}") = "14.BankAcountVariables", "14.BankAcountVariables\14.BankAcountVariables.csproj", "{AEF37A68-7613-4EB2-835A-2938FE282BAE}"
EndProject
Global
	GlobalSection(SolutionConfigurationPlatforms) = preSolution
		Debug|Any CPU = Debug|Any CPU
		Release|Any CPU = Release|Any CPU
	EndGlobalSection
	GlobalSection(ProjectConfigurationPlatforms) = postSolution
		{D2271797-1F8C-47D2-9F4F-61ED315B1AA5}.Debug|Any CPU.ActiveCfg = Debug|Any CPU
		{D2271797-1F8C-47D2-9F4F-61ED315B1AA5}.Debug|Any CPU.Build.0 = Debug|Any CPU
		{D2271797-1F8C-47D2-9F4F-61ED315B1AA5}.Release|Any CPU.ActiveCfg = Release|Any CPU
		{D2271797-1F8C-47D2-9F4F-61ED315B1AA5}.Release|Any CPU.Build.0 = Release|Any CPU
		{104F7C6B-6EBF-40E4-9EE6-74CD30690D0C}.Debug|Any CPU.ActiveCfg = Debug|Any CPU
		{104F7C6B-6EBF-40E4-9EE6-74CD30690D0C}.Debug|Any CPU.Build.0 = Debug|Any CPU
		{104F7C6B-6EBF-40E4-9EE6-74CD30690D0C}.Release|Any CPU.ActiveCfg = Release|Any CPU
		{104F7C6B-6EBF-40E4-9EE6-74CD30690D0C}.Release|Any CPU.Build.0 = Release|Any CPU
		{8F07A052-F1D5-48EA-BAC0-18B7219EBF67}.Debug|Any CPU.ActiveCfg = Debug|Any CPU
		{8F07A052-F1D5-48EA-BAC0-18B7219EBF67}.Debug|Any CPU.Build.0 = Debug|Any CPU
		{8F07A052-F1D5-48EA-BAC0-18B7219EBF67}.Release|Any CPU.ActiveCfg = Release|Any CPU
		{8F07A052-F1D5-48EA-BAC0-18B7219EBF67}.Release|Any CPU.Build.0 = Release|Any CPU
		{031F5EB9-616E-4D75-BD24-2FFD44B5D9B6}.Debug|Any CPU.ActiveCfg = Debug|Any CPU
		{031F5EB9-616E-4D75-BD24-2FFD44B5D9B6}.Debug|Any CPU.Build.0 = Debug|Any CPU
		{031F5EB9-616E-4D75-BD24-2FFD44B5D9B6}.Release|Any CPU.ActiveCfg = Release|Any CPU
		{031F5EB9-616E-4D75-BD24-2FFD44B5D9B6}.Release|Any CPU.Build.0 = Release|Any CPU
		{E57C4502-5228-429C-B29C-B66F851FAFC7}.Debug|Any CPU.ActiveCfg = Debug|Any CPU
		{E57C4502-5228-429C-B29C-B66F851FAFC7}.Debug|Any CPU.Build.0 = Debug|Any CPU
		{E57C4502-5228-429C-B29C-B66F851FAFC7}.Release|Any CPU.ActiveCfg = Release|Any CPU
		{E57C4502-5228-429C-B29C-B66F851FAFC7}.Release|Any CPU.Build.0 = Release|Any CPU
		{37958297-6101-4A06-90B9-56826B0E34B0}.Debug|Any CPU.ActiveCfg = Debug|Any CPU
		{37958297-6101-4A06-90B9-56826B0E34B0}.Debug|Any CPU.Build.0 = Debug|Any CPU
		{37958297-6101-4A06-90B9-56826B0E34B0}.Release|Any CPU.ActiveCfg = Release|Any CPU
		{37958297-6101-4A06-90B9-56826B0E34B0}.Release|Any CPU.Build.0 = Release|Any CPU
		{1D35D7BB-7854-43BB-BD89-443E085A833F}.Debug|Any CPU.ActiveCfg = Debug|Any CPU
		{1D35D7BB-7854-43BB-BD89-443E085A833F}.Debug|Any CPU.Build.0 = Debug|Any CPU
		{1D35D7BB-7854-43BB-BD89-443E085A833F}.Release|Any CPU.ActiveCfg = Release|Any CPU
		{1D35D7BB-7854-43BB-BD89-443E085A833F}.Release|Any CPU.Build.0 = Release|Any CPU
		{65FCD56B-D624-4B8F-AB13-95D21405B484}.Debug|Any CPU.ActiveCfg = Debug|Any CPU
		{65FCD56B-D624-4B8F-AB13-95D21405B484}.Debug|Any CPU.Build.0 = Debug|Any CPU
		{65FCD56B-D624-4B8F-AB13-95D21405B484}.Release|Any CPU.ActiveCfg = Release|Any CPU
		{65FCD56B-D624-4B8F-AB13-95D21405B484}.Release|Any CPU.Build.0 = Release|Any CPU
		{5636AD49-F588-468C-B61D-5C2759164EAB}.Debug|Any CPU.ActiveCfg = Debug|Any CPU
		{5636AD49-F588-468C-B61D-5C2759164EAB}.Debug|Any CPU.Build.0 = Debug|Any CPU
		{5636AD49-F588-468C-B61D-5C2759164EAB}.Release|Any CPU.ActiveCfg = Release|Any CPU
		{5636AD49-F588-468C-B61D-5C2759164EAB}.Release|Any CPU.Build.0 = Release|Any CPU
		{082155A8-9503-4E23-B0BC-EC12CA598DD0}.Debug|Any CPU.ActiveCfg = Debug|Any CPU
		{082155A8-9503-4E23-B0BC-EC12CA598DD0}.Debug|Any CPU.Build.0 = Debug|Any CPU
		{082155A8-9503-4E23-B0BC-EC12CA598DD0}.Release|Any CPU.ActiveCfg = Release|Any CPU
		{082155A8-9503-4E23-B0BC-EC12CA598DD0}.Release|Any CPU.Build.0 = Release|Any CPU
		{E3B8B7BC-A024-415B-851E-2F2591090437}.Debug|Any CPU.ActiveCfg = Debug|Any CPU
		{E3B8B7BC-A024-415B-851E-2F2591090437}.Debug|Any CPU.Build.0 = Debug|Any CPU
		{E3B8B7BC-A024-415B-851E-2F2591090437}.Release|Any CPU.ActiveCfg = Release|Any CPU
		{E3B8B7BC-A024-415B-851E-2F2591090437}.Release|Any CPU.Build.0 = Release|Any CPU
		{C907C981-DBAC-4325-8B7A-A952B2CA637F}.Debug|Any CPU.ActiveCfg = Debug|Any CPU
		{C907C981-DBAC-4325-8B7A-A952B2CA637F}.Debug|Any CPU.Build.0 = Debug|Any CPU
		{C907C981-DBAC-4325-8B7A-A952B2CA637F}.Release|Any CPU.ActiveCfg = Release|Any CPU
		{C907C981-DBAC-4325-8B7A-A952B2CA637F}.Release|Any CPU.Build.0 = Release|Any CPU
		{48F62549-1A8A-47AD-93AB-7D7F7E09C361}.Debug|Any CPU.ActiveCfg = Debug|Any CPU
		{48F62549-1A8A-47AD-93AB-7D7F7E09C361}.Debug|Any CPU.Build.0 = Debug|Any CPU
		{48F62549-1A8A-47AD-93AB-7D7F7E09C361}.Release|Any CPU.ActiveCfg = Release|Any CPU
		{48F62549-1A8A-47AD-93AB-7D7F7E09C361}.Release|Any CPU.Build.0 = Release|Any CPU
		{AEF37A68-7613-4EB2-835A-2938FE282BAE}.Debug|Any CPU.ActiveCfg = Debug|Any CPU
		{AEF37A68-7613-4EB2-835A-2938FE282BAE}.Debug|Any CPU.Build.0 = Debug|Any CPU
		{AEF37A68-7613-4EB2-835A-2938FE282BAE}.Release|Any CPU.ActiveCfg = Release|Any CPU
		{AEF37A68-7613-4EB2-835A-2938FE282BAE}.Release|Any CPU.Build.0 = Release|Any CPU
	EndGlobalSection
	GlobalSection(SolutionProperties) = preSolution
		HideSolutionNode = FALSE
	EndGlobalSection
EndGlobal
