
Microsoft Visual Studio Solution File, Format Version 12.00
# Visual Studio 2013
VisualStudioVersion = 12.0.30324.0
MinimumVisualStudioVersion = 10.0.40219.1
Project("{FAE04EC0-301F-11D3-BF4B-00C04F79EFBC}") = "T4ExampleProject", "T4ExampleProject\T4ExampleProject.csproj", "{98B5ED46-9A10-47B6-BA4C-BDDB55484AE3}"
EndProject
Global
	GlobalSection(SolutionConfigurationPlatforms) = preSolution
		Debug|Any CPU = Debug|Any CPU
		Debug|Win32 = Debug|Win32
		Release|Any CPU = Release|Any CPU
		Release|Win32 = Release|Win32
	EndGlobalSection
	GlobalSection(ProjectConfigurationPlatforms) = postSolution
		{98B5ED46-9A10-47B6-BA4C-BDDB55484AE3}.Debug|Any CPU.ActiveCfg = Debug|Any CPU
		{98B5ED46-9A10-47B6-BA4C-BDDB55484AE3}.Debug|Any CPU.Build.0 = Debug|Any CPU
		{98B5ED46-9A10-47B6-BA4C-BDDB55484AE3}.Debug|Win32.ActiveCfg = Debug|Any CPU
		{98B5ED46-9A10-47B6-BA4C-BDDB55484AE3}.Release|Any CPU.ActiveCfg = Release|Any CPU
		{98B5ED46-9A10-47B6-BA4C-BDDB55484AE3}.Release|Any CPU.Build.0 = Release|Any CPU
		{98B5ED46-9A10-47B6-BA4C-BDDB55484AE3}.Release|Win32.ActiveCfg = Release|Any CPU
	EndGlobalSection
	GlobalSection(SolutionProperties) = preSolution
		HideSolutionNode = FALSE
	EndGlobalSection
EndGlobal
