
Microsoft Visual Studio Solution File, Format Version 12.00
# Visual Studio 2012
Project("{FAE04EC0-301F-11D3-BF4B-00C04F79EFBC}") = "LongestIncreasingSubsequence", "MaxSusequence\LongestIncreasingSubsequence.csproj", "{528B41FF-5AC8-42E2-8495-83093E8662F0}"
EndProject
Project("{FAE04EC0-301F-11D3-BF4B-00C04F79EFBC}") = "LongestIncreasingSubsequenceRecursive", "MaxSeqRecursive\LongestIncreasingSubsequenceRecursive.csproj", "{B06B7FE1-7090-43EB-A266-4DD3386B08DA}"
EndProject
Project("{FAE04EC0-301F-11D3-BF4B-00C04F79EFBC}") = "SubSetSumsMatrix", "SubSetSums\SubSetSumsMatrix.csproj", "{B3DB605A-3BB2-408F-9A90-8F39BB0506D1}"
EndProject
Project("{FAE04EC0-301F-11D3-BF4B-00C04F79EFBC}") = "SubsetSumsBetter", "SubsetSumsBetter\SubsetSumsBetter.csproj", "{108D8647-3B6B-4B26-BC02-EA57BBCA93D3}"
EndProject
Project("{FAE04EC0-301F-11D3-BF4B-00C04F79EFBC}") = "LongestCommonSubsequence", "LongestCommonSubsequence\LongestCommonSubsequence.csproj", "{18EF6E43-F0CD-40DF-B450-B1996F00835F}"
EndProject
Global
	GlobalSection(SolutionConfigurationPlatforms) = preSolution
		Debug|Any CPU = Debug|Any CPU
		Release|Any CPU = Release|Any CPU
	EndGlobalSection
	GlobalSection(ProjectConfigurationPlatforms) = postSolution
		{528B41FF-5AC8-42E2-8495-83093E8662F0}.Debug|Any CPU.ActiveCfg = Debug|Any CPU
		{528B41FF-5AC8-42E2-8495-83093E8662F0}.Debug|Any CPU.Build.0 = Debug|Any CPU
		{528B41FF-5AC8-42E2-8495-83093E8662F0}.Release|Any CPU.ActiveCfg = Release|Any CPU
		{528B41FF-5AC8-42E2-8495-83093E8662F0}.Release|Any CPU.Build.0 = Release|Any CPU
		{B06B7FE1-7090-43EB-A266-4DD3386B08DA}.Debug|Any CPU.ActiveCfg = Debug|Any CPU
		{B06B7FE1-7090-43EB-A266-4DD3386B08DA}.Debug|Any CPU.Build.0 = Debug|Any CPU
		{B06B7FE1-7090-43EB-A266-4DD3386B08DA}.Release|Any CPU.ActiveCfg = Release|Any CPU
		{B06B7FE1-7090-43EB-A266-4DD3386B08DA}.Release|Any CPU.Build.0 = Release|Any CPU
		{B3DB605A-3BB2-408F-9A90-8F39BB0506D1}.Debug|Any CPU.ActiveCfg = Debug|Any CPU
		{B3DB605A-3BB2-408F-9A90-8F39BB0506D1}.Debug|Any CPU.Build.0 = Debug|Any CPU
		{B3DB605A-3BB2-408F-9A90-8F39BB0506D1}.Release|Any CPU.ActiveCfg = Release|Any CPU
		{B3DB605A-3BB2-408F-9A90-8F39BB0506D1}.Release|Any CPU.Build.0 = Release|Any CPU
		{108D8647-3B6B-4B26-BC02-EA57BBCA93D3}.Debug|Any CPU.ActiveCfg = Debug|Any CPU
		{108D8647-3B6B-4B26-BC02-EA57BBCA93D3}.Debug|Any CPU.Build.0 = Debug|Any CPU
		{108D8647-3B6B-4B26-BC02-EA57BBCA93D3}.Release|Any CPU.ActiveCfg = Release|Any CPU
		{108D8647-3B6B-4B26-BC02-EA57BBCA93D3}.Release|Any CPU.Build.0 = Release|Any CPU
		{18EF6E43-F0CD-40DF-B450-B1996F00835F}.Debug|Any CPU.ActiveCfg = Debug|Any CPU
		{18EF6E43-F0CD-40DF-B450-B1996F00835F}.Debug|Any CPU.Build.0 = Debug|Any CPU
		{18EF6E43-F0CD-40DF-B450-B1996F00835F}.Release|Any CPU.ActiveCfg = Release|Any CPU
		{18EF6E43-F0CD-40DF-B450-B1996F00835F}.Release|Any CPU.Build.0 = Release|Any CPU
	EndGlobalSection
	GlobalSection(SolutionProperties) = preSolution
		HideSolutionNode = FALSE
	EndGlobalSection
EndGlobal
