
Microsoft Visual Studio Solution File, Format Version 12.00
# Visual Studio 2012
Project("{FAE04EC0-301F-11D3-BF4B-00C04F79EFBC}") = "1. DOM-Parser", "DOMParser\1. DOM-Parser.csproj", "{BD4B3912-DBDC-42BC-8992-2363E00786AB}"
EndProject
Project("{FAE04EC0-301F-11D3-BF4B-00C04F79EFBC}") = "2. Modifing-XML-With-DOM", "Modifing-XML-With-DOM\2. Modifing-XML-With-DOM.csproj", "{A043A7CC-6463-4E33-847B-BCE2500A2D77}"
EndProject
Project("{FAE04EC0-301F-11D3-BF4B-00C04F79EFBC}") = "3. XmlReader-Demo", "XMLReader\3. XmlReader-Demo.csproj", "{E9D05605-7415-4251-87D0-A0952D8D553D}"
EndProject
Project("{FAE04EC0-301F-11D3-BF4B-00C04F79EFBC}") = "4. XmlWriter-Demo", "XMLWriter\4. XmlWriter-Demo.csproj", "{EA7ED739-8D75-47B2-BEBD-F0F111E57A8C}"
EndProject
Project("{FAE04EC0-301F-11D3-BF4B-00C04F79EFBC}") = "5. XPath-Demo", "XPathDemo\5. XPath-Demo.csproj", "{3FCE9113-207C-479A-846E-70D8BEDB97C0}"
EndProject
Project("{FAE04EC0-301F-11D3-BF4B-00C04F79EFBC}") = "9. XSL-Transformations", "XSL Transform\9. XSL-Transformations.csproj", "{FCBE1F31-E838-4F8D-8602-862856618B93}"
EndProject
Project("{FAE04EC0-301F-11D3-BF4B-00C04F79EFBC}") = "6. CreatingDocs-LINQ-to-XML", "CreatingDocumentLINQToXML\6. CreatingDocs-LINQ-to-XML.csproj", "{FBDE8A3C-D303-4AD0-AC19-1C516141B9B1}"
EndProject
Project("{FAE04EC0-301F-11D3-BF4B-00C04F79EFBC}") = "8. LINQ-Namespaces", "LINQNamespaces\8. LINQ-Namespaces.csproj", "{E5FC104C-7148-4B85-B104-23F6ABEE4680}"
EndProject
Project("{FAE04EC0-301F-11D3-BF4B-00C04F79EFBC}") = "9. Searching-with-LINQ", "SearchingWithLINQ\9. Searching-with-LINQ.csproj", "{72BE5252-2EE7-44E0-A893-336C34DA7261}"
EndProject
Global
	GlobalSection(SolutionConfigurationPlatforms) = preSolution
		Debug|Any CPU = Debug|Any CPU
		Release|Any CPU = Release|Any CPU
	EndGlobalSection
	GlobalSection(ProjectConfigurationPlatforms) = postSolution
		{BD4B3912-DBDC-42BC-8992-2363E00786AB}.Debug|Any CPU.ActiveCfg = Debug|Any CPU
		{BD4B3912-DBDC-42BC-8992-2363E00786AB}.Debug|Any CPU.Build.0 = Debug|Any CPU
		{BD4B3912-DBDC-42BC-8992-2363E00786AB}.Release|Any CPU.ActiveCfg = Release|Any CPU
		{BD4B3912-DBDC-42BC-8992-2363E00786AB}.Release|Any CPU.Build.0 = Release|Any CPU
		{A043A7CC-6463-4E33-847B-BCE2500A2D77}.Debug|Any CPU.ActiveCfg = Debug|Any CPU
		{A043A7CC-6463-4E33-847B-BCE2500A2D77}.Debug|Any CPU.Build.0 = Debug|Any CPU
		{A043A7CC-6463-4E33-847B-BCE2500A2D77}.Release|Any CPU.ActiveCfg = Release|Any CPU
		{A043A7CC-6463-4E33-847B-BCE2500A2D77}.Release|Any CPU.Build.0 = Release|Any CPU
		{E9D05605-7415-4251-87D0-A0952D8D553D}.Debug|Any CPU.ActiveCfg = Debug|Any CPU
		{E9D05605-7415-4251-87D0-A0952D8D553D}.Debug|Any CPU.Build.0 = Debug|Any CPU
		{E9D05605-7415-4251-87D0-A0952D8D553D}.Release|Any CPU.ActiveCfg = Release|Any CPU
		{E9D05605-7415-4251-87D0-A0952D8D553D}.Release|Any CPU.Build.0 = Release|Any CPU
		{EA7ED739-8D75-47B2-BEBD-F0F111E57A8C}.Debug|Any CPU.ActiveCfg = Debug|Any CPU
		{EA7ED739-8D75-47B2-BEBD-F0F111E57A8C}.Debug|Any CPU.Build.0 = Debug|Any CPU
		{EA7ED739-8D75-47B2-BEBD-F0F111E57A8C}.Release|Any CPU.ActiveCfg = Release|Any CPU
		{EA7ED739-8D75-47B2-BEBD-F0F111E57A8C}.Release|Any CPU.Build.0 = Release|Any CPU
		{3FCE9113-207C-479A-846E-70D8BEDB97C0}.Debug|Any CPU.ActiveCfg = Debug|Any CPU
		{3FCE9113-207C-479A-846E-70D8BEDB97C0}.Debug|Any CPU.Build.0 = Debug|Any CPU
		{3FCE9113-207C-479A-846E-70D8BEDB97C0}.Release|Any CPU.ActiveCfg = Release|Any CPU
		{3FCE9113-207C-479A-846E-70D8BEDB97C0}.Release|Any CPU.Build.0 = Release|Any CPU
		{FCBE1F31-E838-4F8D-8602-862856618B93}.Debug|Any CPU.ActiveCfg = Debug|Any CPU
		{FCBE1F31-E838-4F8D-8602-862856618B93}.Debug|Any CPU.Build.0 = Debug|Any CPU
		{FCBE1F31-E838-4F8D-8602-862856618B93}.Release|Any CPU.ActiveCfg = Release|Any CPU
		{FCBE1F31-E838-4F8D-8602-862856618B93}.Release|Any CPU.Build.0 = Release|Any CPU
		{FBDE8A3C-D303-4AD0-AC19-1C516141B9B1}.Debug|Any CPU.ActiveCfg = Debug|Any CPU
		{FBDE8A3C-D303-4AD0-AC19-1C516141B9B1}.Debug|Any CPU.Build.0 = Debug|Any CPU
		{FBDE8A3C-D303-4AD0-AC19-1C516141B9B1}.Release|Any CPU.ActiveCfg = Release|Any CPU
		{FBDE8A3C-D303-4AD0-AC19-1C516141B9B1}.Release|Any CPU.Build.0 = Release|Any CPU
		{E5FC104C-7148-4B85-B104-23F6ABEE4680}.Debug|Any CPU.ActiveCfg = Debug|Any CPU
		{E5FC104C-7148-4B85-B104-23F6ABEE4680}.Debug|Any CPU.Build.0 = Debug|Any CPU
		{E5FC104C-7148-4B85-B104-23F6ABEE4680}.Release|Any CPU.ActiveCfg = Release|Any CPU
		{E5FC104C-7148-4B85-B104-23F6ABEE4680}.Release|Any CPU.Build.0 = Release|Any CPU
		{72BE5252-2EE7-44E0-A893-336C34DA7261}.Debug|Any CPU.ActiveCfg = Debug|Any CPU
		{72BE5252-2EE7-44E0-A893-336C34DA7261}.Debug|Any CPU.Build.0 = Debug|Any CPU
		{72BE5252-2EE7-44E0-A893-336C34DA7261}.Release|Any CPU.ActiveCfg = Release|Any CPU
		{72BE5252-2EE7-44E0-A893-336C34DA7261}.Release|Any CPU.Build.0 = Release|Any CPU
	EndGlobalSection
	GlobalSection(SolutionProperties) = preSolution
		HideSolutionNode = FALSE
	EndGlobalSection
EndGlobal
