
Microsoft Visual Studio Solution File, Format Version 12.00
# Visual Studio 2013
VisualStudioVersion = 12.0.30723.0
MinimumVisualStudioVersion = 10.0.40219.1
Project("{FAE04EC0-301F-11D3-BF4B-00C04F79EFBC}") = "BookStore.Models", "BookStore.Models\BookStore.Models.csproj", "{B70248A5-61A9-4EB2-A5EA-1B09581DAE4E}"
EndProject
Project("{FAE04EC0-301F-11D3-BF4B-00C04F79EFBC}") = "BookStore.Data", "BookStore.Data\BookStore.Data.csproj", "{A71C82A6-06BE-4447-B2A4-B8D9BC654F00}"
EndProject
Project("{FAE04EC0-301F-11D3-BF4B-00C04F79EFBC}") = "BookStore.ConsoleClient", "BookStore.ConsoleClient\BookStore.ConsoleClient.csproj", "{782E05AA-22B4-4766-80B3-025C3238EB4A}"
EndProject
Project("{FAE04EC0-301F-11D3-BF4B-00C04F79EFBC}") = "BookStore.XML", "BookStore.XML\BookStore.XML.csproj", "{DC11D50C-5345-4609-8E0D-6C332E85E6F1}"
EndProject
Global
	GlobalSection(SolutionConfigurationPlatforms) = preSolution
		Debug|Any CPU = Debug|Any CPU
		Release|Any CPU = Release|Any CPU
	EndGlobalSection
	GlobalSection(ProjectConfigurationPlatforms) = postSolution
		{B70248A5-61A9-4EB2-A5EA-1B09581DAE4E}.Debug|Any CPU.ActiveCfg = Debug|Any CPU
		{B70248A5-61A9-4EB2-A5EA-1B09581DAE4E}.Debug|Any CPU.Build.0 = Debug|Any CPU
		{B70248A5-61A9-4EB2-A5EA-1B09581DAE4E}.Release|Any CPU.ActiveCfg = Release|Any CPU
		{B70248A5-61A9-4EB2-A5EA-1B09581DAE4E}.Release|Any CPU.Build.0 = Release|Any CPU
		{A71C82A6-06BE-4447-B2A4-B8D9BC654F00}.Debug|Any CPU.ActiveCfg = Debug|Any CPU
		{A71C82A6-06BE-4447-B2A4-B8D9BC654F00}.Debug|Any CPU.Build.0 = Debug|Any CPU
		{A71C82A6-06BE-4447-B2A4-B8D9BC654F00}.Release|Any CPU.ActiveCfg = Release|Any CPU
		{A71C82A6-06BE-4447-B2A4-B8D9BC654F00}.Release|Any CPU.Build.0 = Release|Any CPU
		{782E05AA-22B4-4766-80B3-025C3238EB4A}.Debug|Any CPU.ActiveCfg = Debug|Any CPU
		{782E05AA-22B4-4766-80B3-025C3238EB4A}.Debug|Any CPU.Build.0 = Debug|Any CPU
		{782E05AA-22B4-4766-80B3-025C3238EB4A}.Release|Any CPU.ActiveCfg = Release|Any CPU
		{782E05AA-22B4-4766-80B3-025C3238EB4A}.Release|Any CPU.Build.0 = Release|Any CPU
		{DC11D50C-5345-4609-8E0D-6C332E85E6F1}.Debug|Any CPU.ActiveCfg = Debug|Any CPU
		{DC11D50C-5345-4609-8E0D-6C332E85E6F1}.Debug|Any CPU.Build.0 = Debug|Any CPU
		{DC11D50C-5345-4609-8E0D-6C332E85E6F1}.Release|Any CPU.ActiveCfg = Release|Any CPU
		{DC11D50C-5345-4609-8E0D-6C332E85E6F1}.Release|Any CPU.Build.0 = Release|Any CPU
	EndGlobalSection
	GlobalSection(SolutionProperties) = preSolution
		HideSolutionNode = FALSE
	EndGlobalSection
EndGlobal
